
Microsoft Visual Studio Solution File, Format Version 12.00
# Visual Studio 2013
VisualStudioVersion = 12.0.30723.0
MinimumVisualStudioVersion = 10.0.40219.1
Project("{FAE04EC0-301F-11D3-BF4B-00C04F79EFBC}") = "AltinnApp.iOS", "AltinnApp.iOS.csproj", "{DFE26D84-DF4D-4401-993F-E8C973145501}"
EndProject
Project("{FAE04EC0-301F-11D3-BF4B-00C04F79EFBC}") = "AltinnApp.Core", "..\Core\AltinnApp.Core.csproj", "{4B51EB49-EC2D-4731-9E56-998F6640CEBA}"
EndProject
Global
	GlobalSection(SolutionConfigurationPlatforms) = preSolution
		Ad-Hoc|Any CPU = Ad-Hoc|Any CPU
		Ad-Hoc|ARM = Ad-Hoc|ARM
		Ad-Hoc|iPhone = Ad-Hoc|iPhone
		Ad-Hoc|iPhoneSimulator = Ad-Hoc|iPhoneSimulator
		Ad-Hoc|Mixed Platforms = Ad-Hoc|Mixed Platforms
		Ad-Hoc|x86 = Ad-Hoc|x86
		AppStore|Any CPU = AppStore|Any CPU
		AppStore|ARM = AppStore|ARM
		AppStore|iPhone = AppStore|iPhone
		AppStore|iPhoneSimulator = AppStore|iPhoneSimulator
		AppStore|Mixed Platforms = AppStore|Mixed Platforms
		AppStore|x86 = AppStore|x86
		Debug|Any CPU = Debug|Any CPU
		Debug|ARM = Debug|ARM
		Debug|iPhone = Debug|iPhone
		Debug|iPhoneSimulator = Debug|iPhoneSimulator
		Debug|Mixed Platforms = Debug|Mixed Platforms
		Debug|x86 = Debug|x86
		Release|Any CPU = Release|Any CPU
		Release|ARM = Release|ARM
		Release|iPhone = Release|iPhone
		Release|iPhoneSimulator = Release|iPhoneSimulator
		Release|Mixed Platforms = Release|Mixed Platforms
		Release|x86 = Release|x86
	EndGlobalSection
	GlobalSection(ProjectConfigurationPlatforms) = postSolution
		{DFE26D84-DF4D-4401-993F-E8C973145501}.Ad-Hoc|Any CPU.ActiveCfg = Debug|iPhoneSimulator
		{DFE26D84-DF4D-4401-993F-E8C973145501}.Ad-Hoc|Any CPU.Build.0 = Debug|iPhoneSimulator
		{DFE26D84-DF4D-4401-993F-E8C973145501}.Ad-Hoc|ARM.ActiveCfg = Ad-Hoc|iPhoneSimulator
		{DFE26D84-DF4D-4401-993F-E8C973145501}.Ad-Hoc|iPhone.ActiveCfg = Ad-Hoc|iPhone
		{DFE26D84-DF4D-4401-993F-E8C973145501}.Ad-Hoc|iPhone.Build.0 = Ad-Hoc|iPhone
		{DFE26D84-DF4D-4401-993F-E8C973145501}.Ad-Hoc|iPhone.Deploy.0 = Ad-Hoc|iPhone
		{DFE26D84-DF4D-4401-993F-E8C973145501}.Ad-Hoc|iPhoneSimulator.ActiveCfg = Debug|iPhoneSimulator
		{DFE26D84-DF4D-4401-993F-E8C973145501}.Ad-Hoc|iPhoneSimulator.Build.0 = Debug|iPhoneSimulator
		{DFE26D84-DF4D-4401-993F-E8C973145501}.Ad-Hoc|Mixed Platforms.ActiveCfg = Debug|iPhoneSimulator
		{DFE26D84-DF4D-4401-993F-E8C973145501}.Ad-Hoc|Mixed Platforms.Build.0 = Debug|iPhoneSimulator
		{DFE26D84-DF4D-4401-993F-E8C973145501}.Ad-Hoc|x86.ActiveCfg = Ad-Hoc|iPhoneSimulator
		{DFE26D84-DF4D-4401-993F-E8C973145501}.AppStore|Any CPU.ActiveCfg = Debug|iPhoneSimulator
		{DFE26D84-DF4D-4401-993F-E8C973145501}.AppStore|Any CPU.Build.0 = Debug|iPhoneSimulator
		{DFE26D84-DF4D-4401-993F-E8C973145501}.AppStore|ARM.ActiveCfg = AppStore|iPhoneSimulator
		{DFE26D84-DF4D-4401-993F-E8C973145501}.AppStore|iPhone.ActiveCfg = AppStore|iPhone
		{DFE26D84-DF4D-4401-993F-E8C973145501}.AppStore|iPhone.Build.0 = AppStore|iPhone
		{DFE26D84-DF4D-4401-993F-E8C973145501}.AppStore|iPhoneSimulator.ActiveCfg = Debug|iPhoneSimulator
		{DFE26D84-DF4D-4401-993F-E8C973145501}.AppStore|iPhoneSimulator.Build.0 = Debug|iPhoneSimulator
		{DFE26D84-DF4D-4401-993F-E8C973145501}.AppStore|Mixed Platforms.ActiveCfg = Debug|iPhoneSimulator
		{DFE26D84-DF4D-4401-993F-E8C973145501}.AppStore|Mixed Platforms.Build.0 = Debug|iPhoneSimulator
		{DFE26D84-DF4D-4401-993F-E8C973145501}.AppStore|x86.ActiveCfg = AppStore|iPhoneSimulator
		{DFE26D84-DF4D-4401-993F-E8C973145501}.Debug|Any CPU.ActiveCfg = Debug|iPhoneSimulator
		{DFE26D84-DF4D-4401-993F-E8C973145501}.Debug|Any CPU.Build.0 = Debug|iPhoneSimulator
		{DFE26D84-DF4D-4401-993F-E8C973145501}.Debug|ARM.ActiveCfg = Debug|iPhone
		{DFE26D84-DF4D-4401-993F-E8C973145501}.Debug|iPhone.ActiveCfg = Debug|iPhone
		{DFE26D84-DF4D-4401-993F-E8C973145501}.Debug|iPhone.Build.0 = Debug|iPhone
		{DFE26D84-DF4D-4401-993F-E8C973145501}.Debug|iPhone.Deploy.0 = Debug|iPhone
		{DFE26D84-DF4D-4401-993F-E8C973145501}.Debug|iPhoneSimulator.ActiveCfg = Debug|iPhoneSimulator
		{DFE26D84-DF4D-4401-993F-E8C973145501}.Debug|iPhoneSimulator.Build.0 = Debug|iPhoneSimulator
		{DFE26D84-DF4D-4401-993F-E8C973145501}.Debug|iPhoneSimulator.Deploy.0 = Debug|iPhoneSimulator
		{DFE26D84-DF4D-4401-993F-E8C973145501}.Debug|Mixed Platforms.ActiveCfg = Debug|iPhoneSimulator
		{DFE26D84-DF4D-4401-993F-E8C973145501}.Debug|Mixed Platforms.Build.0 = Debug|iPhoneSimulator
		{DFE26D84-DF4D-4401-993F-E8C973145501}.Debug|x86.ActiveCfg = Debug|iPhone
		{DFE26D84-DF4D-4401-993F-E8C973145501}.Release|Any CPU.ActiveCfg = Debug|iPhoneSimulator
		{DFE26D84-DF4D-4401-993F-E8C973145501}.Release|Any CPU.Build.0 = Debug|iPhoneSimulator
		{DFE26D84-DF4D-4401-993F-E8C973145501}.Release|ARM.ActiveCfg = Release|iPhoneSimulator
		{DFE26D84-DF4D-4401-993F-E8C973145501}.Release|iPhone.ActiveCfg = Release|iPhone
		{DFE26D84-DF4D-4401-993F-E8C973145501}.Release|iPhone.Build.0 = Release|iPhone
		{DFE26D84-DF4D-4401-993F-E8C973145501}.Release|iPhone.Deploy.0 = Release|iPhone
		{DFE26D84-DF4D-4401-993F-E8C973145501}.Release|iPhoneSimulator.ActiveCfg = Release|iPhoneSimulator
		{DFE26D84-DF4D-4401-993F-E8C973145501}.Release|iPhoneSimulator.Build.0 = Release|iPhoneSimulator
		{DFE26D84-DF4D-4401-993F-E8C973145501}.Release|iPhoneSimulator.Deploy.0 = Release|iPhoneSimulator
		{DFE26D84-DF4D-4401-993F-E8C973145501}.Release|Mixed Platforms.ActiveCfg = Debug|iPhoneSimulator
		{DFE26D84-DF4D-4401-993F-E8C973145501}.Release|Mixed Platforms.Build.0 = Debug|iPhoneSimulator
		{DFE26D84-DF4D-4401-993F-E8C973145501}.Release|x86.ActiveCfg = Release|iPhoneSimulator
		{4B51EB49-EC2D-4731-9E56-998F6640CEBA}.Ad-Hoc|Any CPU.ActiveCfg = Release|Any CPU
		{4B51EB49-EC2D-4731-9E56-998F6640CEBA}.Ad-Hoc|Any CPU.Build.0 = Release|Any CPU
		{4B51EB49-EC2D-4731-9E56-998F6640CEBA}.Ad-Hoc|ARM.ActiveCfg = Release|Any CPU
		{4B51EB49-EC2D-4731-9E56-998F6640CEBA}.Ad-Hoc|iPhone.ActiveCfg = Release|Any CPU
		{4B51EB49-EC2D-4731-9E56-998F6640CEBA}.Ad-Hoc|iPhone.Build.0 = Release|Any CPU
		{4B51EB49-EC2D-4731-9E56-998F6640CEBA}.Ad-Hoc|iPhoneSimulator.ActiveCfg = Release|Any CPU
		{4B51EB49-EC2D-4731-9E56-998F6640CEBA}.Ad-Hoc|Mixed Platforms.ActiveCfg = Release|Any CPU
		{4B51EB49-EC2D-4731-9E56-998F6640CEBA}.Ad-Hoc|Mixed Platforms.Build.0 = Release|Any CPU
		{4B51EB49-EC2D-4731-9E56-998F6640CEBA}.Ad-Hoc|x86.ActiveCfg = Release|Any CPU
		{4B51EB49-EC2D-4731-9E56-998F6640CEBA}.AppStore|Any CPU.ActiveCfg = Release|Any CPU
		{4B51EB49-EC2D-4731-9E56-998F6640CEBA}.AppStore|Any CPU.Build.0 = Release|Any CPU
		{4B51EB49-EC2D-4731-9E56-998F6640CEBA}.AppStore|ARM.ActiveCfg = Release|Any CPU
		{4B51EB49-EC2D-4731-9E56-998F6640CEBA}.AppStore|iPhone.ActiveCfg = Release|Any CPU
		{4B51EB49-EC2D-4731-9E56-998F6640CEBA}.AppStore|iPhone.Build.0 = Release|Any CPU
		{4B51EB49-EC2D-4731-9E56-998F6640CEBA}.AppStore|iPhoneSimulator.ActiveCfg = Release|Any CPU
		{4B51EB49-EC2D-4731-9E56-998F6640CEBA}.AppStore|Mixed Platforms.ActiveCfg = Release|Any CPU
		{4B51EB49-EC2D-4731-9E56-998F6640CEBA}.AppStore|Mixed Platforms.Build.0 = Release|Any CPU
		{4B51EB49-EC2D-4731-9E56-998F6640CEBA}.AppStore|x86.ActiveCfg = Release|Any CPU
		{4B51EB49-EC2D-4731-9E56-998F6640CEBA}.Debug|Any CPU.ActiveCfg = Debug|Any CPU
		{4B51EB49-EC2D-4731-9E56-998F6640CEBA}.Debug|Any CPU.Build.0 = Debug|Any CPU
		{4B51EB49-EC2D-4731-9E56-998F6640CEBA}.Debug|ARM.ActiveCfg = Debug|Any CPU
		{4B51EB49-EC2D-4731-9E56-998F6640CEBA}.Debug|iPhone.ActiveCfg = Debug|Any CPU
		{4B51EB49-EC2D-4731-9E56-998F6640CEBA}.Debug|iPhone.Build.0 = Debug|Any CPU
		{4B51EB49-EC2D-4731-9E56-998F6640CEBA}.Debug|iPhoneSimulator.ActiveCfg = Debug|Any CPU
		{4B51EB49-EC2D-4731-9E56-998F6640CEBA}.Debug|iPhoneSimulator.Build.0 = Debug|Any CPU
		{4B51EB49-EC2D-4731-9E56-998F6640CEBA}.Debug|Mixed Platforms.ActiveCfg = Debug|Any CPU
		{4B51EB49-EC2D-4731-9E56-998F6640CEBA}.Debug|Mixed Platforms.Build.0 = Debug|Any CPU
		{4B51EB49-EC2D-4731-9E56-998F6640CEBA}.Debug|x86.ActiveCfg = Debug|Any CPU
		{4B51EB49-EC2D-4731-9E56-998F6640CEBA}.Release|Any CPU.ActiveCfg = Release|Any CPU
		{4B51EB49-EC2D-4731-9E56-998F6640CEBA}.Release|Any CPU.Build.0 = Release|Any CPU
		{4B51EB49-EC2D-4731-9E56-998F6640CEBA}.Release|ARM.ActiveCfg = Release|Any CPU
		{4B51EB49-EC2D-4731-9E56-998F6640CEBA}.Release|iPhone.ActiveCfg = Release|Any CPU
		{4B51EB49-EC2D-4731-9E56-998F6640CEBA}.Release|iPhone.Build.0 = Release|Any CPU
		{4B51EB49-EC2D-4731-9E56-998F6640CEBA}.Release|iPhoneSimulator.ActiveCfg = Release|Any CPU
		{4B51EB49-EC2D-4731-9E56-998F6640CEBA}.Release|Mixed Platforms.ActiveCfg = Release|Any CPU
		{4B51EB49-EC2D-4731-9E56-998F6640CEBA}.Release|Mixed Platforms.Build.0 = Release|Any CPU
		{4B51EB49-EC2D-4731-9E56-998F6640CEBA}.Release|x86.ActiveCfg = Release|Any CPU
	EndGlobalSection
	GlobalSection(SolutionProperties) = preSolution
		HideSolutionNode = FALSE
	EndGlobalSection
	GlobalSection(MonoDevelopProperties) = preSolution
		StartupItem = AltinnApp.iOS.csproj
		Policies = $0
		$0.NameConventionPolicy = $1
		$1.Rules = $2
		$2.NamingRule = $3
		$3.AffectedEntity = None
		$3.VisibilityMask = VisibilityMask
		$3.NamingStyle = None
		$3.IncludeInstanceMembers = True
		$3.IncludeStaticEntities = True
		version = 1
	EndGlobalSection
EndGlobal
